// !$*UTF8*$!
{
	archiveVersion = 1;
	classes = {
	};
	objectVersion = 50;
	objects = {

/* Begin PBXBuildFile section */
		EE49D45D256667B000500F20 /* Navigation_Bar_AnimationApp.swift in Sources */ = {isa = PBXBuildFile; fileRef = EE49D45C256667B000500F20 /* Navigation_Bar_AnimationApp.swift */; };
		EE49D45F256667B000500F20 /* ContentView.swift in Sources */ = {isa = PBXBuildFile; fileRef = EE49D45E256667B000500F20 /* ContentView.swift */; };
		EE49D461256667B300500F20 /* Assets.xcassets in Resources */ = {isa = PBXBuildFile; fileRef = EE49D460256667B300500F20 /* Assets.xcassets */; };
		EE49D464256667B300500F20 /* Preview Assets.xcassets in Resources */ = {isa = PBXBuildFile; fileRef = EE49D463256667B300500F20 /* Preview Assets.xcassets */; };
		EE49D47225667A9100500F20 /* Album.swift in Sources */ = {isa = PBXBuildFile; fileRef = EE49D47125667A9100500F20 /* Album.swift */; };
		EE49D47625667ADD00500F20 /* Data.swift in Sources */ = {isa = PBXBuildFile; fileRef = EE49D47525667ADD00500F20 /* Data.swift */; };
		EE49D47925667CA300500F20 /* AlbumRow.swift in Sources */ = {isa = PBXBuildFile; fileRef = EE49D47825667CA300500F20 /* AlbumRow.swift */; };
/* End PBXBuildFile section */

/* Begin PBXFileReference section */
		EE49D459256667B000500F20 /* Navigation Bar Animation.app */ = {isa = PBXFileReference; explicitFileType = wrapper.application; includeInIndex = 0; path = "Navigation Bar Animation.app"; sourceTree = BUILT_PRODUCTS_DIR; };
		EE49D45C256667B000500F20 /* Navigation_Bar_AnimationApp.swift */ = {isa = PBXFileReference; lastKnownFileType = sourcecode.swift; path = Navigation_Bar_AnimationApp.swift; sourceTree = "<group>"; };
		EE49D45E256667B000500F20 /* ContentView.swift */ = {isa = PBXFileReference; lastKnownFileType = sourcecode.swift; path = ContentView.swift; sourceTree = "<group>"; };
		EE49D460256667B300500F20 /* Assets.xcassets */ = {isa = PBXFileReference; lastKnownFileType = folder.assetcatalog; path = Assets.xcassets; sourceTree = "<group>"; };
		EE49D463256667B300500F20 /* Preview Assets.xcassets */ = {isa = PBXFileReference; lastKnownFileType = folder.assetcatalog; path = "Preview Assets.xcassets"; sourceTree = "<group>"; };
		EE49D465256667B300500F20 /* Info.plist */ = {isa = PBXFileReference; lastKnownFileType = text.plist.xml; path = Info.plist; sourceTree = "<group>"; };
		EE49D47125667A9100500F20 /* Album.swift */ = {isa = PBXFileReference; lastKnownFileType = sourcecode.swift; path = Album.swift; sourceTree = "<group>"; };
		EE49D47525667ADD00500F20 /* Data.swift */ = {isa = PBXFileReference; lastKnownFileType = sourcecode.swift; path = Data.swift; sourceTree = "<group>"; };
		EE49D47825667CA300500F20 /* AlbumRow.swift */ = {isa = PBXFileReference; lastKnownFileType = sourcecode.swift; path = AlbumRow.swift; sourceTree = "<group>"; };
/* End PBXFileReference section */

/* Begin PBXFrameworksBuildPhase section */
		EE49D456256667B000500F20 /* Frameworks */ = {
			isa = PBXFrameworksBuildPhase;
			buildActionMask = 2147483647;
			files = (
			);
			runOnlyForDeploymentPostprocessing = 0;
		};
/* End PBXFrameworksBuildPhase section */

/* Begin PBXGroup section */
		EE49D450256667B000500F20 = {
			isa = PBXGroup;
			children = (
				EE49D45B256667B000500F20 /* Navigation Bar Animation */,
				EE49D45A256667B000500F20 /* Products */,
			);
			sourceTree = "<group>";
		};
		EE49D45A256667B000500F20 /* Products */ = {
			isa = PBXGroup;
			children = (
				EE49D459256667B000500F20 /* Navigation Bar Animation.app */,
			);
			name = Products;
			sourceTree = "<group>";
		};
		EE49D45B256667B000500F20 /* Navigation Bar Animation */ = {
			isa = PBXGroup;
			children = (
				EE49D47025667A7F00500F20 /* Data */,
				EE49D46F25667A7800500F20 /* Model */,
				EE49D46D256667BE00500F20 /* View */,
				EE49D46C256667B700500F20 /* App */,
				EE49D460256667B300500F20 /* Assets.xcassets */,
				EE49D465256667B300500F20 /* Info.plist */,
				EE49D462256667B300500F20 /* Preview Content */,
			);
			path = "Navigation Bar Animation";
			sourceTree = "<group>";
		};
		EE49D462256667B300500F20 /* Preview Content */ = {
			isa = PBXGroup;
			children = (
				EE49D463256667B300500F20 /* Preview Assets.xcassets */,
			);
			path = "Preview Content";
			sourceTree = "<group>";
		};
		EE49D46C256667B700500F20 /* App */ = {
			isa = PBXGroup;
			children = (
				EE49D45C256667B000500F20 /* Navigation_Bar_AnimationApp.swift */,
				EE49D45E256667B000500F20 /* ContentView.swift */,
			);
			path = App;
			sourceTree = "<group>";
		};
		EE49D46D256667BE00500F20 /* View */ = {
			isa = PBXGroup;
			children = (
				EE49D47825667CA300500F20 /* AlbumRow.swift */,
			);
			path = View;
			sourceTree = "<group>";
		};
		EE49D46F25667A7800500F20 /* Model */ = {
			isa = PBXGroup;
			children = (
				EE49D47125667A9100500F20 /* Album.swift */,
			);
			path = Model;
			sourceTree = "<group>";
		};
		EE49D47025667A7F00500F20 /* Data */ = {
			isa = PBXGroup;
			children = (
				EE49D47525667ADD00500F20 /* Data.swift */,
			);
			path = Data;
			sourceTree = "<group>";
		};
/* End PBXGroup section */

/* Begin PBXNativeTarget section */
		EE49D458256667B000500F20 /* Navigation Bar Animation */ = {
			isa = PBXNativeTarget;
			buildConfigurationList = EE49D468256667B300500F20 /* Build configuration list for PBXNativeTarget "Navigation Bar Animation" */;
			buildPhases = (
				EE49D455256667B000500F20 /* Sources */,
				EE49D456256667B000500F20 /* Frameworks */,
				EE49D457256667B000500F20 /* Resources */,
			);
			buildRules = (
			);
			dependencies = (
			);
			name = "Navigation Bar Animation";
			productName = "Navigation Bar Animation";
			productReference = EE49D459256667B000500F20 /* Navigation Bar Animation.app */;
			productType = "com.apple.product-type.application";
		};
/* End PBXNativeTarget section */

/* Begin PBXProject section */
		EE49D451256667B000500F20 /* Project object */ = {
			isa = PBXProject;
			attributes = {
				LastSwiftUpdateCheck = 1220;
				LastUpgradeCheck = 1220;
				TargetAttributes = {
					EE49D458256667B000500F20 = {
						CreatedOnToolsVersion = 12.2;
					};
				};
			};
			buildConfigurationList = EE49D454256667B000500F20 /* Build configuration list for PBXProject "Navigation Bar Animation" */;
			compatibilityVersion = "Xcode 9.3";
			developmentRegion = en;
			hasScannedForEncodings = 0;
			knownRegions = (
				en,
				Base,
			);
			mainGroup = EE49D450256667B000500F20;
			productRefGroup = EE49D45A256667B000500F20 /* Products */;
			projectDirPath = "";
			projectRoot = "";
			targets = (
				EE49D458256667B000500F20 /* Navigation Bar Animation */,
			);
		};
/* End PBXProject section */

/* Begin PBXResourcesBuildPhase section */
		EE49D457256667B000500F20 /* Resources */ = {
			isa = PBXResourcesBuildPhase;
			buildActionMask = 2147483647;
			files = (
				EE49D464256667B300500F20 /* Preview Assets.xcassets in Resources */,
				EE49D461256667B300500F20 /* Assets.xcassets in Resources */,
			);
			runOnlyForDeploymentPostprocessing = 0;
		};
/* End PBXResourcesBuildPhase section */

/* Begin PBXSourcesBuildPhase section */
		EE49D455256667B000500F20 /* Sources */ = {
			isa = PBXSourcesBuildPhase;
			buildActionMask = 2147483647;
			files = (
				EE49D45F256667B000500F20 /* ContentView.swift in Sources */,
				EE49D45D256667B000500F20 /* Navigation_Bar_AnimationApp.swift in Sources */,
				EE49D47925667CA300500F20 /* AlbumRow.swift in Sources */,
				EE49D47225667A9100500F20 /* Album.swift in Sources */,
				EE49D47625667ADD00500F20 /* Data.swift in Sources */,
			);
			runOnlyForDeploymentPostprocessing = 0;
		};
/* End PBXSourcesBuildPhase section */

/* Begin XCBuildConfiguration section */
		EE49D466256667B300500F20 /* Debug */ = {
			isa = XCBuildConfiguration;
			buildSettings = {
				ALWAYS_SEARCH_USER_PATHS = NO;
				CLANG_ANALYZER_NONNULL = YES;
				CLANG_ANALYZER_NUMBER_OBJECT_CONVERSION = YES_AGGRESSIVE;
				CLANG_CXX_LANGUAGE_STANDARD = "gnu++14";
				CLANG_CXX_LIBRARY = "libc++";
				CLANG_ENABLE_MODULES = YES;
				CLANG_ENABLE_OBJC_ARC = YES;
				CLANG_ENABLE_OBJC_WEAK = YES;
				CLANG_WARN_BLOCK_CAPTURE_AUTORELEASING = YES;
				CLANG_WARN_BOOL_CONVERSION = YES;
				CLANG_WARN_COMMA = YES;
				CLANG_WARN_CONSTANT_CONVERSION = YES;
				CLANG_WARN_DEPRECATED_OBJC_IMPLEMENTATIONS = YES;
				CLANG_WARN_DIRECT_OBJC_ISA_USAGE = YES_ERROR;
				CLANG_WARN_DOCUMENTATION_COMMENTS = YES;
				CLANG_WARN_EMPTY_BODY = YES;
				CLANG_WARN_ENUM_CONVERSION = YES;
				CLANG_WARN_INFINITE_RECURSION = YES;
				CLANG_WARN_INT_CONVERSION = YES;
				CLANG_WARN_NON_LITERAL_NULL_CONVERSION = YES;
				CLANG_WARN_OBJC_IMPLICIT_RETAIN_SELF = YES;
				CLANG_WARN_OBJC_LITERAL_CONVERSION = YES;
				CLANG_WARN_OBJC_ROOT_CLASS = YES_ERROR;
				CLANG_WARN_QUOTED_INCLUDE_IN_FRAMEWORK_HEADER = YES;
				CLANG_WARN_RANGE_LOOP_ANALYSIS = YES;
				CLANG_WARN_STRICT_PROTOTYPES = YES;
				CLANG_WARN_SUSPICIOUS_MOVE = YES;
				CLANG_WARN_UNGUARDED_AVAILABILITY = YES_AGGRESSIVE;
				CLANG_WARN_UNREACHABLE_CODE = YES;
				CLANG_WARN__DUPLICATE_METHOD_MATCH = YES;
				COPY_PHASE_STRIP = NO;
				DEBUG_INFORMATION_FORMAT = dwarf;
				ENABLE_STRICT_OBJC_MSGSEND = YES;
				ENABLE_TESTABILITY = YES;
				GCC_C_LANGUAGE_STANDARD = gnu11;
				GCC_DYNAMIC_NO_PIC = NO;
				GCC_NO_COMMON_BLOCKS = YES;
				GCC_OPTIMIZATION_LEVEL = 0;
				GCC_PREPROCESSOR_DEFINITIONS = (
					"DEBUG=1",
					"$(inherited)",
				);
				GCC_WARN_64_TO_32_BIT_CONVERSION = YES;
				GCC_WARN_ABOUT_RETURN_TYPE = YES_ERROR;
				GCC_WARN_UNDECLARED_SELECTOR = YES;
				GCC_WARN_UNINITIALIZED_AUTOS = YES_AGGRESSIVE;
				GCC_WARN_UNUSED_FUNCTION = YES;
				GCC_WARN_UNUSED_VARIABLE = YES;
				IPHONEOS_DEPLOYMENT_TARGET = 14.2;
				MTL_ENABLE_DEBUG_INFO = INCLUDE_SOURCE;
				MTL_FAST_MATH = YES;
				ONLY_ACTIVE_ARCH = YES;
				SDKROOT = iphoneos;
				SWIFT_ACTIVE_COMPILATION_CONDITIONS = DEBUG;
				SWIFT_OPTIMIZATION_LEVEL = "-Onone";
			};
			name = Debug;
		};
		EE49D467256667B300500F20 /* Release */ = {
			isa = XCBuildConfiguration;
			buildSettings = {
				ALWAYS_SEARCH_USER_PATHS = NO;
				CLANG_ANALYZER_NONNULL = YES;
				CLANG_ANALYZER_NUMBER_OBJECT_CONVERSION = YES_AGGRESSIVE;
				CLANG_CXX_LANGUAGE_STANDARD = "gnu++14";
				CLANG_CXX_LIBRARY = "libc++";
				CLANG_ENABLE_MODULES = YES;
				CLANG_ENABLE_OBJC_ARC = YES;
				CLANG_ENABLE_OBJC_WEAK = YES;
				CLANG_WARN_BLOCK_CAPTURE_AUTORELEASING = YES;
				CLANG_WARN_BOOL_CONVERSION = YES;
				CLANG_WARN_COMMA = YES;
				CLANG_WARN_CONSTANT_CONVERSION = YES;
				CLANG_WARN_DEPRECATED_OBJC_IMPLEMENTATIONS = YES;
				CLANG_WARN_DIRECT_OBJC_ISA_USAGE = YES_ERROR;
				CLANG_WARN_DOCUMENTATION_COMMENTS = YES;
				CLANG_WARN_EMPTY_BODY = YES;
				CLANG_WARN_ENUM_CONVERSION = YES;
				CLANG_WARN_INFINITE_RECURSION = YES;
				CLANG_WARN_INT_CONVERSION = YES;
				CLANG_WARN_NON_LITERAL_NULL_CONVERSION = YES;
				CLANG_WARN_OBJC_IMPLICIT_RETAIN_SELF = YES;
				CLANG_WARN_OBJC_LITERAL_CONVERSION = YES;
				CLANG_WARN_OBJC_ROOT_CLASS = YES_ERROR;
				CLANG_WARN_QUOTED_INCLUDE_IN_FRAMEWORK_HEADER = YES;
				CLANG_WARN_RANGE_LOOP_ANALYSIS = YES;
				CLANG_WARN_STRICT_PROTOTYPES = YES;
				CLANG_WARN_SUSPICIOUS_MOVE = YES;
				CLANG_WARN_UNGUARDED_AVAILABILITY = YES_AGGRESSIVE;
				CLANG_WARN_UNREACHABLE_CODE = YES;
				CLANG_WARN__DUPLICATE_METHOD_MATCH = YES;
				COPY_PHASE_STRIP = NO;
				DEBUG_INFORMATION_FORMAT = "dwarf-with-dsym";
				ENABLE_NS_ASSERTIONS = NO;
				ENABLE_STRICT_OBJC_MSGSEND = YES;
				GCC_C_LANGUAGE_STANDARD = gnu11;
				GCC_NO_COMMON_BLOCKS = YES;
				GCC_WARN_64_TO_32_BIT_CONVERSION = YES;
				GCC_WARN_ABOUT_RETURN_TYPE = YES_ERROR;
				GCC_WARN_UNDECLARED_SELECTOR = YES;
				GCC_WARN_UNINITIALIZED_AUTOS = YES_AGGRESSIVE;
				GCC_WARN_UNUSED_FUNCTION = YES;
				GCC_WARN_UNUSED_VARIABLE = YES;
				IPHONEOS_DEPLOYMENT_TARGET = 14.2;
				MTL_ENABLE_DEBUG_INFO = NO;
				MTL_FAST_MATH = YES;
				SDKROOT = iphoneos;
				SWIFT_COMPILATION_MODE = wholemodule;
				SWIFT_OPTIMIZATION_LEVEL = "-O";
				VALIDATE_PRODUCT = YES;
			};
			name = Release;
		};
		EE49D469256667B300500F20 /* Debug */ = {
			isa = XCBuildConfiguration;
			buildSettings = {
				ASSETCATALOG_COMPILER_APPICON_NAME = AppIcon;
				ASSETCATALOG_COMPILER_GLOBAL_ACCENT_COLOR_NAME = AccentColor;
				CODE_SIGN_STYLE = Automatic;
				DEVELOPMENT_ASSET_PATHS = "\"Navigation Bar Animation/Preview Content\"";
				ENABLE_PREVIEWS = YES;
				INFOPLIST_FILE = "Navigation Bar Animation/Info.plist";
				IPHONEOS_DEPLOYMENT_TARGET = 14.0;
				LD_RUNPATH_SEARCH_PATHS = (
					"$(inherited)",
					"@executable_path/Frameworks",
				);
				PRODUCT_BUNDLE_IDENTIFIER = "com.tefusakipuita.Navigation-Bar-Animation";
				PRODUCT_NAME = "$(TARGET_NAME)";
				SWIFT_VERSION = 5.0;
				TARGETED_DEVICE_FAMILY = "1,2";
			};
			name = Debug;
		};
		EE49D46A256667B300500F20 /* Release */ = {
			isa = XCBuildConfiguration;
			buildSettings = {
				ASSETCATALOG_COMPILER_APPICON_NAME = AppIcon;
				ASSETCATALOG_COMPILER_GLOBAL_ACCENT_COLOR_NAME = AccentColor;
				CODE_SIGN_STYLE = Automatic;
				DEVELOPMENT_ASSET_PATHS = "\"Navigation Bar Animation/Preview Content\"";
				ENABLE_PREVIEWS = YES;
				INFOPLIST_FILE = "Navigation Bar Animation/Info.plist";
				IPHONEOS_DEPLOYMENT_TARGET = 14.0;
				LD_RUNPATH_SEARCH_PATHS = (
					"$(inherited)",
					"@executable_path/Frameworks",
				);
				PRODUCT_BUNDLE_IDENTIFIER = "com.tefusakipuita.Navigation-Bar-Animation";
				PRODUCT_NAME = "$(TARGET_NAME)";
				SWIFT_VERSION = 5.0;
				TARGETED_DEVICE_FAMILY = "1,2";
			};
			name = Release;
		};
/* End XCBuildConfiguration section */

/* Begin XCConfigurationList section */
		EE49D454256667B000500F20 /* Build configuration list for PBXProject "Navigation Bar Animation" */ = {
			isa = XCConfigurationList;
			buildConfigurations = (
				EE49D466256667B300500F20 /* Debug */,
				EE49D467256667B300500F20 /* Release */,
			);
			defaultConfigurationIsVisible = 0;
			defaultConfigurationName = Release;
		};
		EE49D468256667B300500F20 /* Build configuration list for PBXNativeTarget "Navigation Bar Animation" */ = {
			isa = XCConfigurationList;
			buildConfigurations = (
				EE49D469256667B300500F20 /* Debug */,
				EE49D46A256667B300500F20 /* Release */,
			);
			defaultConfigurationIsVisible = 0;
			defaultConfigurationName = Release;
		};
/* End XCConfigurationList section */
	};
	rootObject = EE49D451256667B000500F20 /* Project object */;
}
